
Microsoft Visual Studio Solution File, Format Version 12.00
# Visual Studio Version 17
VisualStudioVersion = 17.10.35013.160
MinimumVisualStudioVersion = 10.0.40219.1
Project("{FAE04EC0-301F-11D3-BF4B-00C04F79EFBC}") = "SecondProjectCore", "SecondProjectCore\SecondProjectCore.csproj", "{EBE8DC70-C57E-4B4B-AFC7-7C098B6B4FD7}"
EndProject
Global
	GlobalSection(SolutionConfigurationPlatforms) = preSolution
		Debug|Any CPU = Debug|Any CPU
		Release|Any CPU = Release|Any CPU
	EndGlobalSection
	GlobalSection(ProjectConfigurationPlatforms) = postSolution
		{EBE8DC70-C57E-4B4B-AFC7-7C098B6B4FD7}.Debug|Any CPU.ActiveCfg = Debug|Any CPU
		{EBE8DC70-C57E-4B4B-AFC7-7C098B6B4FD7}.Debug|Any CPU.Build.0 = Debug|Any CPU
		{EBE8DC70-C57E-4B4B-AFC7-7C098B6B4FD7}.Release|Any CPU.ActiveCfg = Release|Any CPU
		{EBE8DC70-C57E-4B4B-AFC7-7C098B6B4FD7}.Release|Any CPU.Build.0 = Release|Any CPU
	EndGlobalSection
	GlobalSection(SolutionProperties) = preSolution
		HideSolutionNode = FALSE
	EndGlobalSection
	GlobalSection(ExtensibilityGlobals) = postSolution
		SolutionGuid = {398371D7-161F-4273-9D89-4C121CFA75B3}
	EndGlobalSection
EndGlobal
